
Microsoft Visual Studio Solution File, Format Version 9.00
# Visual Studio 2005
Project("{8BC9CEB8-8B4A-11D0-8D11-00A0C91BC942}") = "HSC", "HSC\HSC.vcproj", "{0191A051-4466-4A78-9069-4194389DC06C}"
EndProject
Global
	GlobalSection(SolutionConfigurationPlatforms) = preSolution
		Debug|Win32 = Debug|Win32
		Release|Win32 = Release|Win32
	EndGlobalSection
	GlobalSection(ProjectConfigurationPlatforms) = postSolution
		{0191A051-4466-4A78-9069-4194389DC06C}.Debug|Win32.ActiveCfg = Debug|Win32
		{0191A051-4466-4A78-9069-4194389DC06C}.Debug|Win32.Build.0 = Debug|Win32
		{0191A051-4466-4A78-9069-4194389DC06C}.Release|Win32.ActiveCfg = Release|Win32
		{0191A051-4466-4A78-9069-4194389DC06C}.Release|Win32.Build.0 = Release|Win32
	EndGlobalSection
	GlobalSection(SolutionProperties) = preSolution
		HideSolutionNode = FALSE
	EndGlobalSection
EndGlobal
